github.com/gtank/blake2 v0.1.1 h1:gH1q+hkkXvUC5Mmu/B+V2KNjsXZfdc2X1PAUE9oU50w=
github.com/gtank/blake2 v0.1.1/go.mod h1:84L+tmDOofhAKi06/rbQ94KUHs4kA/JqiA8M/6LToXA=
github.com/gtank/bytecrypto v0.0.0-20180912185643-d0b2e7fc73df h1:K/memF+6QohoXhm3A8JRGz0RzScGAnegPIuan7LdQOM=
github.com/gtank/bytecrypto v0.0.0-20180912185643-d0b2e7fc73df/go.mod h1:N92Ry0vpqAdG9UIaPesRukPn950LRsOOvzPXVtOudxg=
github.com/gtank/jubjub v0.1.0 h1:5oc6cDZjC50vaO7hLJ8xjksneVxLcmK7gcu4pLKKf5s=
github.com/gtank/jubjub v0.1.0/go.mod h1:lS8VHPrn/YkLuuPPcN6NlHKDL04B3H1mlI2kkg346WU=
github.com/gtank/zech32 v0.1.0 h1:m8/TfGBdsuXrVmTEyGpdLqX5KGTXtB8aY3ybDOmzixA=
github.com/gtank/zech32 v0.1.0/go.mod h1:EfcluVnGjBPQr6VBmO3500B53CmEFTcCfa4gL23b/kc=
github.com/pkg/errors v0.9.1 h1:FEBLx1zS214owpjy7qsBeixbURkuhQAwrK5UwLGTwt4=
github.com/pkg/errors v0.9.1/go.mod h1:bwawxfHBFNV+L2hUp1rHADufV3IMtnDRdf1r5NINEl0=
golang.org/x/crypto v0.0.0-20190308221718-c2843e01d9a2/go.mod h1:djNgcEr1/C05ACkg1iLfiJU5Ep61QUkGW8qpdssI0+w=
golang.org/x/crypto v0.0.0-20201221181555-eec23a3978ad h1:DN0cp81fZ3njFcrLCytUHRSUkqBjfTo4Tx9RJTWs0EY=
golang.org/x/crypto v0.0.0-20201221181555-eec23a3978ad/go.mod h1:jdWPYTVW3xRLrWPugEBEK3UY2ZEsg3UU495nc5E+M+I=
golang.org/x/net v0.0.0-20190404232315-eb5bcb51f2a3/go.mod h1:t9HGtf8HONx5eT2rtn7q6eTqICYqUVnKs3thJo3Qplg=
golang.org/x/sys v0.0.0-20190215142949-d0b11bdaac8a/go.mod h1:STP8DvDyc/dI5b8T5hshtkjS+E42TnysNCUPdjciGhY=
golang.org/x/sys v0.0.0-20191026070338-33540a1f6037 h1:YyJpGZS1sBuBCzLAR1VEpK193GlqGZbnPFnPV/5Rsb4=
golang.org/x/sys v0.0.0-20191026070338-33540a1f6037/go.mod h1:h1NjWce9XRLGQEsW7wpKNCjG9DtNlClVuFLEZdDNbEs=
golang.org/x/term v0.0.0-20201117132131-f5c789dd3221/go.mod h1:Nr5EML6q2oocZ2LXRh80K7BxOlk5/8JxuGnuhpl+muw=
golang.org/x/text v0.3.0/go.mod h1:NqM8EUOU14njkJ3fqMW+pc6Ldnwhi/IjpwHt7yyuwOQ=
